{
  "name": "help-educate-tools",
  "version": "1.0.0",
  "lockfileVersion": 1,
  "requires": true,
  "dependencies": {
    "@babel/polyfill": {
      "version": "7.7.0",
      "resolved": "http://homer-nat.muc:4873/@babel%2fpolyfill/-/polyfill-7.7.0.tgz",
      "integrity": "sha512-/TS23MVvo34dFmf8mwCisCbWGrfhbiWZSwBo6HkADTBhUa2Q/jWltyY/tpofz/b6/RIhqaqQcquptCirqIhOaQ==",
      "requires": {
        "core-js": "^2.6.5",
        "regenerator-runtime": "^0.13.2"
      }
    },
    "adler-32": {
      "version": "1.2.0",
      "resolved": "http://homer-nat.muc:4873/adler-32/-/adler-32-1.2.0.tgz",
      "integrity": "sha1-aj5r8KY5ALoVZSgIyxXGgT0aXyU=",
      "requires": {
        "exit-on-epipe": "~1.0.1",
        "printj": "~1.1.0"
      }
    },
    "ansi-styles": {
      "version": "3.2.1",
      "resolved": "https://registry.npmjs.org/ansi-styles/-/ansi-styles-3.2.1.tgz",
      "integrity": "sha512-VT0ZI6kZRdTh8YyJw3SMbYm/u+NqfsAxEpWO0Pf9sq8/e94WxxOpPKx9FR1FlyCtOVDNOQ+8ntlqFxiRc+r5qA==",
      "requires": {
        "color-convert": "^1.9.0"
      }
    },
    "any-promise": {
      "version": "1.3.0",
      "resolved": "http://homer-nat.muc:4873/any-promise/-/any-promise-1.3.0.tgz",
      "integrity": "sha1-q8av7tzqUugJzcA3au0845Y10X8="
    },
    "axios": {
      "version": "0.19.0",
      "resolved": "http://homer-nat.muc:4873/axios/-/axios-0.19.0.tgz",
      "integrity": "sha512-1uvKqKQta3KBxIz14F2v06AEHZ/dIoeKfbTRkK1E5oqjDnuEerLmYTgJB5AiQZHJcljpg1TuRzdjDR06qNk0DQ==",
      "requires": {
        "follow-redirects": "1.5.10",
        "is-buffer": "^2.0.2"
      }
    },
    "bson": {
      "version": "1.1.2",
      "resolved": "https://registry.npmjs.org/bson/-/bson-1.1.2.tgz",
      "integrity": "sha512-oSKfIoJlJ2AnSD8et9z6CTAv8lCXtEGOpe8j6E3PNNKxewADHGA5nKS3Br/DkoNgSeQUu9tKnpLKGSbYBJ3tow=="
    },
    "cfb": {
      "version": "1.1.3",
      "resolved": "http://homer-nat.muc:4873/cfb/-/cfb-1.1.3.tgz",
      "integrity": "sha512-joXBW0nMuwV9no7UTMiyVJnQL6XIU3ThXVjFUDHgl9MpILPOomyfaGqC290VELZ48bbQKZXnQ81UT5HouTxHsw==",
      "requires": {
        "adler-32": "~1.2.0",
        "commander": "^2.16.0",
        "crc-32": "~1.2.0",
        "printj": "~1.1.2"
      }
    },
    "chalk": {
      "version": "2.4.2",
      "resolved": "https://registry.npmjs.org/chalk/-/chalk-2.4.2.tgz",
      "integrity": "sha512-Mti+f9lpJNcwF4tWV8/OrTTtF1gZi+f8FqlyAdouralcFWFQWF2+NgCHShjkCb+IFBLq9buZwE1xckQU4peSuQ==",
      "requires": {
        "ansi-styles": "^3.2.1",
        "escape-string-regexp": "^1.0.5",
        "supports-color": "^5.3.0"
      }
    },
    "chardet": {
      "version": "0.4.2",
      "resolved": "http://homer-nat.muc:4873/chardet/-/chardet-0.4.2.tgz",
      "integrity": "sha1-tUc7M9yXxCTl2Y3IfVXU2KKci/I="
    },
    "clone": {
      "version": "1.0.4",
      "resolved": "http://homer-nat.muc:4873/clone/-/clone-1.0.4.tgz",
      "integrity": "sha1-2jCcwmPfFZlMaIypAheco8fNfH4="
    },
    "codepage": {
      "version": "1.14.0",
      "resolved": "http://homer-nat.muc:4873/codepage/-/codepage-1.14.0.tgz",
      "integrity": "sha1-jL4lSBMjVZ19MHVxsP/5HnodL5k=",
      "requires": {
        "commander": "~2.14.1",
        "exit-on-epipe": "~1.0.1"
      },
      "dependencies": {
        "commander": {
          "version": "2.14.1",
          "resolved": "http://homer-nat.muc:4873/commander/-/commander-2.14.1.tgz",
          "integrity": "sha512-+YR16o3rK53SmWHU3rEM3tPAh2rwb1yPcQX5irVn7mb0gXbwuCCrnkbV5+PBfETdfg1vui07nM6PCG1zndcjQw=="
        }
      }
    },
    "color-convert": {
      "version": "1.9.3",
      "resolved": "https://registry.npmjs.org/color-convert/-/color-convert-1.9.3.tgz",
      "integrity": "sha512-QfAUtd+vFdAtFQcC8CCyYt1fYWxSqAiK2cSD6zDB8N3cpsEBAvRxp9zOGg6G/SHHJYAT88/az/IuDGALsNVbGg==",
      "requires": {
        "color-name": "1.1.3"
      }
    },
    "color-name": {
      "version": "1.1.3",
      "resolved": "https://registry.npmjs.org/color-name/-/color-name-1.1.3.tgz",
      "integrity": "sha1-p9BVi9icQveV3UIyj3QIMcpTvCU="
    },
    "commander": {
      "version": "2.17.1",
      "resolved": "http://homer-nat.muc:4873/commander/-/commander-2.17.1.tgz",
      "integrity": "sha512-wPMUt6FnH2yzG95SA6mzjQOEKUU3aLaDEmzs1ti+1E9h+CsrZghRlqEM/EJ4KscsQVG8uNN4uVreUeT8+drlgg=="
    },
    "core-js": {
      "version": "2.6.10",
      "resolved": "http://homer-nat.muc:4873/core-js/-/core-js-2.6.10.tgz",
      "integrity": "sha512-I39t74+4t+zau64EN1fE5v2W31Adtc/REhzWN+gWRRXg6WH5qAsZm62DHpQ1+Yhe4047T55jvzz7MUqF/dBBlA=="
    },
    "crc-32": {
      "version": "1.2.0",
      "resolved": "http://homer-nat.muc:4873/crc-32/-/crc-32-1.2.0.tgz",
      "integrity": "sha512-1uBwHxF+Y/4yF5G48fwnKq6QsIXheor3ZLPT80yGBV1oEUwpPojlEhQbWKVw1VwcTQyMGHK1/XMmTjmlsmTTGA==",
      "requires": {
        "exit-on-epipe": "~1.0.1",
        "printj": "~1.1.0"
      }
    },
    "csv": {
      "version": "1.2.1",
      "resolved": "http://homer-nat.muc:4873/csv/-/csv-1.2.1.tgz",
      "integrity": "sha1-UjHt/BxxUlEuxFeBB2p6l/9SXAw=",
      "requires": {
        "csv-generate": "^1.1.2",
        "csv-parse": "^1.3.3",
        "csv-stringify": "^1.1.2",
        "stream-transform": "^0.2.2"
      },
      "dependencies": {
        "csv-parse": {
          "version": "1.3.3",
          "resolved": "http://homer-nat.muc:4873/csv-parse/-/csv-parse-1.3.3.tgz",
          "integrity": "sha1-0c/YdDwvhJoKuy/VRNtWaV0ZpJA="
        }
      }
    },
    "csv-generate": {
      "version": "1.1.2",
      "resolved": "http://homer-nat.muc:4873/csv-generate/-/csv-generate-1.1.2.tgz",
      "integrity": "sha1-7GsA7a7W5ZrZwgWC9MNk4osUYkA="
    },
    "csv-parse": {
      "version": "4.6.5",
      "resolved": "http://homer-nat.muc:4873/csv-parse/-/csv-parse-4.6.5.tgz",
      "integrity": "sha512-tUohmlM5X1Wtn7aRA4FsJMmnvGo+GUknK/Dp+//ms7pvpXADda5HIi5vFYOvAs/WSn5JUM1bt2AT3TxtDFV3Cw==",
      "requires": {
        "pad": "^3.2.0"
      }
    },
    "csv-sniffer": {
      "version": "0.1.1",
      "resolved": "http://homer-nat.muc:4873/csv-sniffer/-/csv-sniffer-0.1.1.tgz",
      "integrity": "sha1-1kEBdygARhV2e23Oic4gdu+w8Lc="
    },
    "csv-stringify": {
      "version": "1.1.2",
      "resolved": "http://homer-nat.muc:4873/csv-stringify/-/csv-stringify-1.1.2.tgz",
      "integrity": "sha1-d6QVJlgbzjOA8SsA18W7rHDIK1g=",
      "requires": {
        "lodash.get": "~4.4.2"
      }
    },
    "d3-time": {
      "version": "0.2.6",
      "resolved": "http://homer-nat.muc:4873/d3-time/-/d3-time-0.2.6.tgz",
      "integrity": "sha1-WHVT6eqeBVRi1BnHqpTpR3vhXLA="
    },
    "d3-time-format": {
      "version": "0.3.2",
      "resolved": "http://homer-nat.muc:4873/d3-time-format/-/d3-time-format-0.3.2.tgz",
      "integrity": "sha1-nDDpCkB4+T+sFeJ7IBaGVIjAB8E=",
      "requires": {
        "d3-time": "~0.2.0"
      }
    },
    "data.js": {
      "version": "0.12.11",
      "resolved": "http://homer-nat.muc:4873/data.js/-/data.js-0.12.11.tgz",
      "integrity": "sha512-4dhmy44ITYvsNmcXFbvJqfhIzHR7JtxNf0KVRQ5U6T4GX6b2lx6QfSL5P2fjDib+Nx2KhqKZSXV9J1IvXSvaWQ==",
      "requires": {
        "@babel/polyfill": "^7.4.4",
        "chardet": "^0.4.2",
        "csv-parse": "^4.4.3",
        "csv-sniffer": "^0.1.1",
        "iconv-lite": "^0.4.19",
        "lodash": "^4.17.4",
        "mime-types": "^2.1.16",
        "node-fetch": "^2.0.0",
        "stream-to-array": "^2.3.0",
        "stream-to-string": "^1.1.0",
        "tableschema": "^1.9.0",
        "url-join": "^2.0.2",
        "xlsx": "^0.14.3"
      }
    },
    "debug": {
      "version": "3.1.0",
      "resolved": "http://homer-nat.muc:4873/debug/-/debug-3.1.0.tgz",
      "integrity": "sha512-OX8XqP7/1a9cqkxYw2yXss15f26NKWBpDXQd0/uK/KPqdQhxbPa994hnzjcE2VqQpDslf55723cKPUOGSmMY3g==",
      "requires": {
        "ms": "2.0.0"
      }
    },
    "defaults": {
      "version": "1.0.3",
      "resolved": "http://homer-nat.muc:4873/defaults/-/defaults-1.0.3.tgz",
      "integrity": "sha1-xlYFHpgX2f8I7YgUd/P+QBnz730=",
      "requires": {
        "clone": "^1.0.2"
      }
    },
    "dotenv": {
      "version": "8.2.0",
      "resolved": "https://registry.npmjs.org/dotenv/-/dotenv-8.2.0.tgz",
      "integrity": "sha512-8sJ78ElpbDJBHNeBzUbUVLsqKdccaa/BXF1uPTw3GrvQTBgrQrtObr2mUrE38vzYd8cEv+m/JBfDLioYcfXoaw=="
    },
    "es6-error": {
      "version": "4.1.1",
      "resolved": "http://homer-nat.muc:4873/es6-error/-/es6-error-4.1.1.tgz",
      "integrity": "sha512-Um/+FxMr9CISWh0bi5Zv0iOD+4cFh5qLeks1qhAopKVAJw3drgKbKySikp7wGhDL0HPeaja0P5ULZrxLkniUVg=="
    },
    "escape-string-regexp": {
      "version": "1.0.5",
      "resolved": "https://registry.npmjs.org/escape-string-regexp/-/escape-string-regexp-1.0.5.tgz",
      "integrity": "sha1-G2HAViGQqN/2rjuyzwIAyhMLhtQ="
    },
    "exit-on-epipe": {
      "version": "1.0.1",
      "resolved": "http://homer-nat.muc:4873/exit-on-epipe/-/exit-on-epipe-1.0.1.tgz",
      "integrity": "sha512-h2z5mrROTxce56S+pnvAV890uu7ls7f1kEvVGJbw1OlFH3/mlJ5bkXu0KRyW94v37zzHPiUd55iLn3DA7TjWpw=="
    },
    "follow-redirects": {
      "version": "1.5.10",
      "resolved": "http://homer-nat.muc:4873/follow-redirects/-/follow-redirects-1.5.10.tgz",
      "integrity": "sha512-0V5l4Cizzvqt5D44aTXbFZz+FtyXV1vrDN6qrelxtfYQKW0KO0W2T/hkE8xvGa/540LkZlkaUjO4ailYTFtHVQ==",
      "requires": {
        "debug": "=3.1.0"
      }
    },
    "frac": {
      "version": "1.1.2",
      "resolved": "http://homer-nat.muc:4873/frac/-/frac-1.1.2.tgz",
      "integrity": "sha512-w/XBfkibaTl3YDqASwfDUqkna4Z2p9cFSr1aHDt0WoMTECnRfBOv2WArlZILlqgWlmdIlALXGpM2AOhEk5W3IA=="
    },
    "has-flag": {
      "version": "3.0.0",
      "resolved": "https://registry.npmjs.org/has-flag/-/has-flag-3.0.0.tgz",
      "integrity": "sha1-tdRU3CGZriJWmfNGfloH87lVuv0="
    },
    "iconv-lite": {
      "version": "0.4.24",
      "resolved": "http://homer-nat.muc:4873/iconv-lite/-/iconv-lite-0.4.24.tgz",
      "integrity": "sha512-v3MXnZAcvnywkTUEZomIActle7RXXeedOR31wwl7VlyoXO4Qi9arvSenNQWne1TcRwhCL1HwLI21bEqdpj8/rA==",
      "requires": {
        "safer-buffer": ">= 2.1.2 < 3"
      }
    },
    "is-buffer": {
      "version": "2.0.4",
      "resolved": "http://homer-nat.muc:4873/is-buffer/-/is-buffer-2.0.4.tgz",
      "integrity": "sha512-Kq1rokWXOPXWuaMAqZiJW4XxsmD9zGx9q4aePabbn3qCRGedtH7Cm+zV8WETitMfu1wdh+Rvd6w5egwSngUX2A=="
    },
    "lodash": {
      "version": "4.17.15",
      "resolved": "http://homer-nat.muc:4873/lodash/-/lodash-4.17.15.tgz",
      "integrity": "sha512-8xOcRHvCjnocdS5cpwXQXVzmmh5e5+saE2QGoeQmbKmRS6J3VQppPOIt0MnmE+4xlZoumy0GPG0D0MVIQbNA1A=="
    },
    "lodash.get": {
      "version": "4.4.2",
      "resolved": "http://homer-nat.muc:4873/lodash.get/-/lodash.get-4.4.2.tgz",
      "integrity": "sha1-LRd/ZS+jHpObRDjVNBSZ36OCXpk="
    },
    "memory-pager": {
      "version": "1.5.0",
      "resolved": "https://registry.npmjs.org/memory-pager/-/memory-pager-1.5.0.tgz",
      "integrity": "sha512-ZS4Bp4r/Zoeq6+NLJpP+0Zzm0pR8whtGPf1XExKLJBAczGMnSi3It14OiNCStjQjM6NU1okjQGSxgEZN8eBYKg==",
      "optional": true
    },
    "mime-db": {
      "version": "1.42.0",
      "resolved": "http://homer-nat.muc:4873/mime-db/-/mime-db-1.42.0.tgz",
      "integrity": "sha512-UbfJCR4UAVRNgMpfImz05smAXK7+c+ZntjaA26ANtkXLlOe947Aag5zdIcKQULAiF9Cq4WxBi9jUs5zkA84bYQ=="
    },
    "mime-types": {
      "version": "2.1.25",
      "resolved": "http://homer-nat.muc:4873/mime-types/-/mime-types-2.1.25.tgz",
      "integrity": "sha512-5KhStqB5xpTAeGqKBAMgwaYMnQik7teQN4IAzC7npDv6kzeU6prfkR67bc87J1kWMPGkoaZSq1npmexMgkmEVg==",
      "requires": {
        "mime-db": "1.42.0"
      }
    },
    "moment": {
      "version": "2.21.0",
      "resolved": "http://homer-nat.muc:4873/moment/-/moment-2.21.0.tgz",
      "integrity": "sha512-TCZ36BjURTeFTM/CwRcViQlfkMvL1/vFISuNLO5GkcVm1+QHfbSiNqZuWeMFjj1/3+uAjXswgRk30j1kkLYJBQ=="
    },
    "mongodb": {
      "version": "3.3.3",
      "resolved": "https://registry.npmjs.org/mongodb/-/mongodb-3.3.3.tgz",
      "integrity": "sha512-MdRnoOjstmnrKJsK8PY0PjP6fyF/SBS4R8coxmhsfEU7tQ46/J6j+aSHF2n4c2/H8B+Hc/Klbfp8vggZfI0mmA==",
      "requires": {
        "bson": "^1.1.1",
        "require_optional": "^1.0.1",
        "safe-buffer": "^5.1.2",
        "saslprep": "^1.0.0"
      }
    },
    "ms": {
      "version": "2.0.0",
      "resolved": "http://homer-nat.muc:4873/ms/-/ms-2.0.0.tgz",
      "integrity": "sha1-VgiurfwAvmwpAd9fmGF4jeDVl8g="
    },
    "node-fetch": {
      "version": "2.6.0",
      "resolved": "http://homer-nat.muc:4873/node-fetch/-/node-fetch-2.6.0.tgz",
      "integrity": "sha512-8dG4H5ujfvFiqDmVu9fQ5bOHUC15JMjMY/Zumv26oOvvVJjM67KF8koCWIabKQ1GJIa9r2mMZscBq/TbdOcmNA=="
    },
    "pad": {
      "version": "3.2.0",
      "resolved": "http://homer-nat.muc:4873/pad/-/pad-3.2.0.tgz",
      "integrity": "sha512-2u0TrjcGbOjBTJpyewEl4hBO3OeX5wWue7eIFPzQTg6wFSvoaHcBTTUY5m+n0hd04gmTCPuY0kCpVIVuw5etwg==",
      "requires": {
        "wcwidth": "^1.0.1"
      }
    },
    "printj": {
      "version": "1.1.2",
      "resolved": "http://homer-nat.muc:4873/printj/-/printj-1.1.2.tgz",
      "integrity": "sha512-zA2SmoLaxZyArQTOPj5LXecR+RagfPSU5Kw1qP+jkWeNlrq+eJZyY2oS68SU1Z/7/myXM4lo9716laOFAVStCQ=="
    },
    "promise-polyfill": {
      "version": "1.1.6",
      "resolved": "http://homer-nat.muc:4873/promise-polyfill/-/promise-polyfill-1.1.6.tgz",
      "integrity": "sha1-zQTv9G9clcOn0EVZHXm14+AfEtc="
    },
    "regenerator-runtime": {
      "version": "0.13.3",
      "resolved": "http://homer-nat.muc:4873/regenerator-runtime/-/regenerator-runtime-0.13.3.tgz",
      "integrity": "sha512-naKIZz2GQ8JWh///G7L3X6LaQUAMp2lvb1rvwwsURe/VXwD6VMfr+/1NuNw3ag8v2kY1aQ/go5SNn79O9JU7yw=="
    },
    "require_optional": {
      "version": "1.0.1",
      "resolved": "https://registry.npmjs.org/require_optional/-/require_optional-1.0.1.tgz",
      "integrity": "sha512-qhM/y57enGWHAe3v/NcwML6a3/vfESLe/sGM2dII+gEO0BpKRUkWZow/tyloNqJyN6kXSl3RyyM8Ll5D/sJP8g==",
      "requires": {
        "resolve-from": "^2.0.0",
        "semver": "^5.1.0"
      }
    },
    "resolve-from": {
      "version": "2.0.0",
      "resolved": "https://registry.npmjs.org/resolve-from/-/resolve-from-2.0.0.tgz",
      "integrity": "sha1-lICrIOlP+h2egKgEx+oUdhGWa1c="
    },
    "safe-buffer": {
      "version": "5.2.0",
      "resolved": "https://registry.npmjs.org/safe-buffer/-/safe-buffer-5.2.0.tgz",
      "integrity": "sha512-fZEwUGbVl7kouZs1jCdMLdt95hdIv0ZeHg6L7qPeciMZhZ+/gdesW4wgTARkrFWEpspjEATAzUGPG8N2jJiwbg=="
    },
    "safer-buffer": {
      "version": "2.1.2",
      "resolved": "http://homer-nat.muc:4873/safer-buffer/-/safer-buffer-2.1.2.tgz",
      "integrity": "sha512-YZo3K82SD7Riyi0E1EQPojLz7kpepnSQI9IyPbHHg1XXXevb5dJI7tpyN2ADxGcQbHG7vcyRHk0cbwqcQriUtg=="
    },
    "saslprep": {
      "version": "1.0.3",
      "resolved": "https://registry.npmjs.org/saslprep/-/saslprep-1.0.3.tgz",
      "integrity": "sha512-/MY/PEMbk2SuY5sScONwhUDsV2p77Znkb/q3nSVstq/yQzYJOH/Azh29p9oJLsl3LnQwSvZDKagDGBsBwSooag==",
      "optional": true,
      "requires": {
        "sparse-bitfield": "^3.0.3"
      }
    },
    "semver": {
      "version": "5.7.1",
      "resolved": "https://registry.npmjs.org/semver/-/semver-5.7.1.tgz",
      "integrity": "sha512-sauaDf/PZdVgrLTNYHRtpXa1iRiKcaebiKQ1BJdpQlWH2lCvexQdX55snPFyK7QzpudqbCI0qXFfOasHdyNDGQ=="
    },
    "sparse-bitfield": {
      "version": "3.0.3",
      "resolved": "https://registry.npmjs.org/sparse-bitfield/-/sparse-bitfield-3.0.3.tgz",
      "integrity": "sha1-/0rm5oZWBWuks+eSqzM004JzyhE=",
      "optional": true,
      "requires": {
        "memory-pager": "^1.0.2"
      }
    },
    "ssf": {
      "version": "0.10.2",
      "resolved": "http://homer-nat.muc:4873/ssf/-/ssf-0.10.2.tgz",
      "integrity": "sha512-rDhAPm9WyIsY8eZEKyE8Qsotb3j/wBdvMWBUsOhJdfhKGLfQidRjiBUV0y/MkyCLiXQ38FG6LWW/VYUtqlIDZQ==",
      "requires": {
        "frac": "~1.1.2"
      }
    },
    "stream-to-array": {
      "version": "2.3.0",
      "resolved": "http://homer-nat.muc:4873/stream-to-array/-/stream-to-array-2.3.0.tgz",
      "integrity": "sha1-u/azn19D7DC8cbq8s3VXrOzzQ1M=",
      "requires": {
        "any-promise": "^1.1.0"
      }
    },
    "stream-to-async-iterator": {
      "version": "0.2.0",
      "resolved": "http://homer-nat.muc:4873/stream-to-async-iterator/-/stream-to-async-iterator-0.2.0.tgz",
      "integrity": "sha1-vvXIhelST5iy+l7/7MNXvVhIN4A="
    },
    "stream-to-string": {
      "version": "1.2.0",
      "resolved": "http://homer-nat.muc:4873/stream-to-string/-/stream-to-string-1.2.0.tgz",
      "integrity": "sha512-8drZlFIKBHSMdX9GCWv8V9AAWnQcTqw0iAI6/GC7UJ0H0SwKeFKjOoZfGY1tOU00GGU7FYZQoJ/ZCUEoXhD7yQ==",
      "requires": {
        "promise-polyfill": "^1.1.6"
      }
    },
    "stream-transform": {
      "version": "0.2.2",
      "resolved": "http://homer-nat.muc:4873/stream-transform/-/stream-transform-0.2.2.tgz",
      "integrity": "sha1-dYZ0h/SVKPi/HYJJllh1PQLfeDg="
    },
    "supports-color": {
      "version": "5.5.0",
      "resolved": "https://registry.npmjs.org/supports-color/-/supports-color-5.5.0.tgz",
      "integrity": "sha512-QjVjwdXIt408MIiAqCX4oUKsgU2EqAGzs2Ppkm4aQYbjm+ZEWEcW4SfFNTr4uMNZma0ey4f5lgLrkB0aX0QMow==",
      "requires": {
        "has-flag": "^3.0.0"
      }
    },
    "tableschema": {
      "version": "1.9.4",
      "resolved": "http://homer-nat.muc:4873/tableschema/-/tableschema-1.9.4.tgz",
      "integrity": "sha512-1AcNV7RerLigjf3dFahLPYIba5NyQa5Zsq04pLhvv9cndRO5ua9le1EPWnoQbk0KvbPqgjnSaHH45IPLeHGIrw==",
      "requires": {
        "axios": "^0.19.0",
        "csv": "^1.1.1",
        "csv-sniffer": "^0.1.1",
        "d3-time-format": "^0.3.2",
        "es6-error": "^4.0.2",
        "lodash": "^4.17.15",
        "moment": "~2.21.0",
        "regenerator-runtime": "^0.11.0",
        "stream-to-async-iterator": "^0.2.0",
        "tv4": "^1.2.7",
        "validator": "^9.2.0"
      },
      "dependencies": {
        "regenerator-runtime": {
          "version": "0.11.1",
          "resolved": "http://homer-nat.muc:4873/regenerator-runtime/-/regenerator-runtime-0.11.1.tgz",
          "integrity": "sha512-MguG95oij0fC3QV3URf4V2SDYGJhJnJGqvIIgdECeODCT98wSWDAJ94SSuVpYQUoTcGUIL6L4yNB7j1DFFHSBg=="
        }
      }
    },
    "tv4": {
      "version": "1.3.0",
      "resolved": "http://homer-nat.muc:4873/tv4/-/tv4-1.3.0.tgz",
      "integrity": "sha1-0CDIRvrdUMhVq7JeuuzGj8EPeWM="
    },
    "url-join": {
      "version": "2.0.5",
      "resolved": "http://homer-nat.muc:4873/url-join/-/url-join-2.0.5.tgz",
      "integrity": "sha1-WvIvGMBSoACkjXuCxenC4v7tpyg="
    },
    "validator": {
      "version": "9.4.1",
      "resolved": "http://homer-nat.muc:4873/validator/-/validator-9.4.1.tgz",
      "integrity": "sha512-YV5KjzvRmSyJ1ee/Dm5UED0G+1L4GZnLN3w6/T+zZm8scVua4sOhYKWTUrKa0H/tMiJyO9QLHMPN+9mB/aMunA=="
    },
    "wcwidth": {
      "version": "1.0.1",
      "resolved": "http://homer-nat.muc:4873/wcwidth/-/wcwidth-1.0.1.tgz",
      "integrity": "sha1-8LDc+RW8X/FSivrbLA4XtTLaL+g=",
      "requires": {
        "defaults": "^1.0.3"
      }
    },
    "xlsx": {
      "version": "0.14.5",
      "resolved": "http://homer-nat.muc:4873/xlsx/-/xlsx-0.14.5.tgz",
      "integrity": "sha512-s/5f4/mjeWREmIWZ+HtDfh/rnz51ar+dZ4LWKZU3u9VBx2zLdSIWTdXgoa52/pnZ9Oe/Vu1W1qzcKzLVe+lq4w==",
      "requires": {
        "adler-32": "~1.2.0",
        "cfb": "^1.1.2",
        "codepage": "~1.14.0",
        "commander": "~2.17.1",
        "crc-32": "~1.2.0",
        "exit-on-epipe": "~1.0.1",
        "ssf": "~0.10.2"
      }
    }
  }
}
